
Microsoft Visual Studio Solution File, Format Version 12.00
# Visual Studio Version 17
VisualStudioVersion = 17.0.31903.59
MinimumVisualStudioVersion = 10.0.40219.1
Project("{2150E333-8FDC-42A3-9474-1A3956D46DE8}") = "src", "src", "{827E0CD3-B72D-47B6-A68D-7590B98EB39B}"
EndProject
Project("{FAE04EC0-301F-11D3-BF4B-00C04F79EFBC}") = "JYPPX.ROCm.HipSharp", "src\JYPPX.ROCm.HipSharp\JYPPX.ROCm.HipSharp.csproj", "{50700464-463D-4188-8D7D-13F5D349227A}"
EndProject
Project("{2150E333-8FDC-42A3-9474-1A3956D46DE8}") = "tests", "tests", "{0AB3BF05-4346-4AA6-1389-037BE0695223}"
EndProject
Project("{FAE04EC0-301F-11D3-BF4B-00C04F79EFBC}") = "JYPPX.ROCm.HipSharp.UnitTests", "tests\JYPPX.ROCm.HipSharp.UnitTests\JYPPX.ROCm.HipSharp.UnitTests.csproj", "{F3E5F624-F5CB-4CA4-A5E4-CF3AB837963C}"
EndProject
Project("{FAE04EC0-301F-11D3-BF4B-00C04F79EFBC}") = "JYPPX.ROCm.HipSharp.ProjectQuality.Tests", "tests\JYPPX.ROCm.HipSharp.ProjectQuality.Tests\JYPPX.ROCm.HipSharp.ProjectQuality.Tests.csproj", "{40242FE6-84DA-4C26-A2DB-7AB3975F1C06}"
EndProject
Project("{FAE04EC0-301F-11D3-BF4B-00C04F79EFBC}") = "JYPPX.ROCm.HipSharp.PackageTests", "tests\JYPPX.ROCm.HipSharp.PackageTests\JYPPX.ROCm.HipSharp.PackageTests.csproj", "{C4509C81-F0F3-4B19-B9AE-B4511C9D1B6E}"
EndProject
Project("{2150E333-8FDC-42A3-9474-1A3956D46DE8}") = "pack", "pack", "{78453166-59D3-F6E5-1AF7-6BAE5D72A388}"
EndProject
Project("{FAE04EC0-301F-11D3-BF4B-00C04F79EFBC}") = "JYPPX.ROCm.HipSharp.Runtime.linux-x64", "pack\JYPPX.ROCm.HipSharp.Runtime.linux-x64.csproj", "{7513D617-40AF-41A6-A9EE-1209D85203D9}"
EndProject
Project("{FAE04EC0-301F-11D3-BF4B-00C04F79EFBC}") = "JYPPX.ROCm.HipSharp.Runtime.win-x64", "pack\JYPPX.ROCm.HipSharp.Runtime.win-x64.csproj", "{5074465D-F319-444A-A90B-F30617838DDE}"
EndProject
Project("{FAE04EC0-301F-11D3-BF4B-00C04F79EFBC}") = "JYPPX.ROCm.HipSharp.BindingGenerator", "tools\JYPPX.ROCm.HipSharp.BindingGenerator\JYPPX.ROCm.HipSharp.BindingGenerator.csproj", "{9B7D48B9-4BBE-4A6D-8A50-7BC2E24E2D40}"
EndProject
Project("{2150E333-8FDC-42A3-9474-1A3956D46DE8}") = "tools", "tools", "{07C2787E-EAC7-C090-1BA3-A61EC2A24D84}"
EndProject
Project("{FAE04EC0-301F-11D3-BF4B-00C04F79EFBC}") = "JYPPX.ROCm.HipSharp.ApiSurface", "tools\JYPPX.ROCm.HipSharp.ApiSurface\JYPPX.ROCm.HipSharp.ApiSurface.csproj", "{32F56277-4CC1-4882-A3DF-250972DE0452}"
EndProject
Project("{2150E333-8FDC-42A3-9474-1A3956D46DE8}") = "samples", "samples", "{5D20AA90-6969-D8BD-9DCD-8634F4692FDA}"
EndProject
Project("{2150E333-8FDC-42A3-9474-1A3956D46DE8}") = "Tutorials", "Tutorials", "{F5E0089A-45A7-C94E-8280-2590333CA7B9}"
EndProject
Project("{2150E333-8FDC-42A3-9474-1A3956D46DE8}") = "01-RuntimeDevice", "01-RuntimeDevice", "{87690021-C5F3-B7E5-F4C9-25A0889DE0BD}"
EndProject
Project("{FAE04EC0-301F-11D3-BF4B-00C04F79EFBC}") = "EnvironmentAndDevice", "samples\tutorials\01-RuntimeDevice\EnvironmentAndDevice\EnvironmentAndDevice.csproj", "{FC0CD0ED-FF3E-42DD-A2C1-C200D69DED0F}"
EndProject
Project("{2150E333-8FDC-42A3-9474-1A3956D46DE8}") = "02-Memory", "02-Memory", "{6CF48D53-5507-DAD6-018A-7288DF1A9746}"
EndProject
Project("{FAE04EC0-301F-11D3-BF4B-00C04F79EFBC}") = "LinearMemoryCopy", "samples\tutorials\02-Memory\LinearMemoryCopy\LinearMemoryCopy.csproj", "{2E88B6CD-5F53-412B-B800-6D2FCA3784F6}"
EndProject
Project("{2150E333-8FDC-42A3-9474-1A3956D46DE8}") = "03-Execution", "03-Execution", "{FB8B8943-C43E-63A2-CEE2-363913530BE6}"
EndProject
Project("{FAE04EC0-301F-11D3-BF4B-00C04F79EFBC}") = "StreamAndEvent", "samples\tutorials\03-Execution\StreamAndEvent\StreamAndEvent.csproj", "{F1A88A74-35DC-450A-8825-53E5C8D95D26}"
EndProject
Project("{FAE04EC0-301F-11D3-BF4B-00C04F79EFBC}") = "AsyncVectorAdd", "samples\tutorials\03-Execution\AsyncVectorAdd\AsyncVectorAdd.csproj", "{3B0AB937-0521-4EEB-85C0-3690ECB53780}"
EndProject
Project("{2150E333-8FDC-42A3-9474-1A3956D46DE8}") = "04-Kernel", "04-Kernel", "{BBDFC003-FB87-79C7-EA83-C634CDAD49AF}"
EndProject
Project("{FAE04EC0-301F-11D3-BF4B-00C04F79EFBC}") = "HipRtcVectorAdd", "samples\tutorials\04-Kernel\HipRtcVectorAdd\HipRtcVectorAdd.csproj", "{FCDBA604-7219-4AC4-8EC6-BACBD6A414E4}"
EndProject
Project("{2150E333-8FDC-42A3-9474-1A3956D46DE8}") = "05-Graph", "05-Graph", "{53B5E2D1-A44A-F543-9B5C-1CEABCFDA3F3}"
EndProject
Project("{FAE04EC0-301F-11D3-BF4B-00C04F79EFBC}") = "GraphCaptureReplay", "samples\tutorials\05-Graph\GraphCaptureReplay\GraphCaptureReplay.csproj", "{1DA8D422-02A7-4ADB-B176-66F93EFD6DE0}"
EndProject
Project("{2150E333-8FDC-42A3-9474-1A3956D46DE8}") = "06-MultiDevice", "06-MultiDevice", "{F00E1ACF-2AAD-BC2F-A64F-FD240A0BBB3F}"
EndProject
Project("{FAE04EC0-301F-11D3-BF4B-00C04F79EFBC}") = "PeerToPeerCopy", "samples\tutorials\06-MultiDevice\PeerToPeerCopy\PeerToPeerCopy.csproj", "{21BC8FB4-4AC1-41CE-A33E-5D75E0A23ADC}"
EndProject
Project("{2150E333-8FDC-42A3-9474-1A3956D46DE8}") = "07-DataObjects", "07-DataObjects", "{8E426C7A-FAE8-CE07-ABAF-49228B51D1B3}"
EndProject
Project("{FAE04EC0-301F-11D3-BF4B-00C04F79EFBC}") = "ArrayTextureSurface", "samples\tutorials\07-DataObjects\ArrayTextureSurface\ArrayTextureSurface.csproj", "{29B3FC61-9D47-421D-9723-D5AE3C36044F}"
EndProject
Project("{2150E333-8FDC-42A3-9474-1A3956D46DE8}") = "90-LowLevel", "90-LowLevel", "{B677B926-6FAC-7DD1-03A8-7276A8CDA3E6}"
EndProject
Project("{FAE04EC0-301F-11D3-BF4B-00C04F79EFBC}") = "NativeAbiInterop", "samples\tutorials\90-LowLevel\NativeAbiInterop\NativeAbiInterop.csproj", "{6F67E2BB-0D1E-4241-95A6-EFD3A726E5E6}"
EndProject
Project("{2150E333-8FDC-42A3-9474-1A3956D46DE8}") = "Validation", "Validation", "{A6EBA398-A6B0-BDC6-252A-EF6CCA03B694}"
EndProject
Project("{FAE04EC0-301F-11D3-BF4B-00C04F79EFBC}") = "AdvancedReliabilityStress", "samples\validation\AdvancedReliabilityStress\AdvancedReliabilityStress.csproj", "{F863D63C-62F0-4FFC-9282-99C8CFEB0330}"
EndProject
Project("{FAE04EC0-301F-11D3-BF4B-00C04F79EFBC}") = "HipManagedExpansionValidation", "samples\validation\HipManagedExpansionValidation\HipManagedExpansionValidation.csproj", "{F03888B2-551A-4070-8AD4-7EBD72607B68}"
EndProject
Project("{2150E333-8FDC-42A3-9474-1A3956D46DE8}") = "Consumers", "Consumers", "{EF7CC4B5-E5B4-0D29-15F6-704FBD06F6E2}"
EndProject
Project("{FAE04EC0-301F-11D3-BF4B-00C04F79EFBC}") = "NuGetQuickstart", "samples\consumers\NuGetQuickstart\NuGetQuickstart.csproj", "{B305F9F5-9F56-4111-958C-C2F17D96CF65}"
EndProject
Project("{FAE04EC0-301F-11D3-BF4B-00C04F79EFBC}") = "PinnedHostMemory", "samples\tutorials\02-Memory\PinnedHostMemory\PinnedHostMemory.csproj", "{C5312A5B-6DCB-4FC3-ACCB-5309CD35B4BA}"
EndProject
Project("{FAE04EC0-301F-11D3-BF4B-00C04F79EFBC}") = "PitchedMemory2D3D", "samples\tutorials\02-Memory\PitchedMemory2D3D\PitchedMemory2D3D.csproj", "{066D013F-9123-46DA-974F-24943F6BBB7F}"
EndProject
Project("{FAE04EC0-301F-11D3-BF4B-00C04F79EFBC}") = "ManagedMemory", "samples\tutorials\02-Memory\ManagedMemory\ManagedMemory.csproj", "{8629EA12-B6D5-41DD-9DAF-C2019E572A49}"
EndProject
Project("{FAE04EC0-301F-11D3-BF4B-00C04F79EFBC}") = "AsyncAllocationAndMemoryPool", "samples\tutorials\02-Memory\AsyncAllocationAndMemoryPool\AsyncAllocationAndMemoryPool.csproj", "{E24E8D64-1C26-4679-AB49-6582F70BBE4F}"
EndProject
Project("{FAE04EC0-301F-11D3-BF4B-00C04F79EFBC}") = "VirtualMemory", "samples\tutorials\02-Memory\VirtualMemory\VirtualMemory.csproj", "{827503D0-B391-46E3-B2A1-A38C563C5371}"
EndProject
Project("{FAE04EC0-301F-11D3-BF4B-00C04F79EFBC}") = "LoaderDiagnostics", "samples\tutorials\01-RuntimeDevice\LoaderDiagnostics\LoaderDiagnostics.csproj", "{CB23A379-6312-48AB-AE1B-CEF9A19C8FD9}"
EndProject
Project("{FAE04EC0-301F-11D3-BF4B-00C04F79EFBC}") = "PrecompiledModule", "samples\tutorials\04-Kernel\PrecompiledModule\PrecompiledModule.csproj", "{6D544981-90B1-4D6B-85DE-D69BC1E65FC2}"
EndProject
Project("{FAE04EC0-301F-11D3-BF4B-00C04F79EFBC}") = "KernelOccupancy", "samples\tutorials\04-Kernel\KernelOccupancy\KernelOccupancy.csproj", "{8CF45F3D-013A-41B0-8EFC-1573CF283BED}"
EndProject
Project("{FAE04EC0-301F-11D3-BF4B-00C04F79EFBC}") = "ModuleGlobals", "samples\tutorials\04-Kernel\ModuleGlobals\ModuleGlobals.csproj", "{FBB34A84-C861-4C18-BE36-975A818A2058}"
EndProject
Project("{FAE04EC0-301F-11D3-BF4B-00C04F79EFBC}") = "HipRtcProgramLinker", "samples\tutorials\04-Kernel\HipRtcProgramLinker\HipRtcProgramLinker.csproj", "{0A6E6CDA-96E8-45E7-8D1D-35FFA91AA1FE}"
EndProject
Project("{FAE04EC0-301F-11D3-BF4B-00C04F79EFBC}") = "ExplicitGraphDag", "samples\tutorials\05-Graph\ExplicitGraphDag\ExplicitGraphDag.csproj", "{ECFFB6B7-72E4-4C83-AFBE-0EA2ACCAD1C2}"
EndProject
Global
	GlobalSection(SolutionConfigurationPlatforms) = preSolution
		Debug|Any CPU = Debug|Any CPU
		Debug|x64 = Debug|x64
		Debug|x86 = Debug|x86
		Release|Any CPU = Release|Any CPU
		Release|x64 = Release|x64
		Release|x86 = Release|x86
	EndGlobalSection
	GlobalSection(ProjectConfigurationPlatforms) = postSolution
		{50700464-463D-4188-8D7D-13F5D349227A}.Debug|Any CPU.ActiveCfg = Debug|Any CPU
		{50700464-463D-4188-8D7D-13F5D349227A}.Debug|Any CPU.Build.0 = Debug|Any CPU
		{50700464-463D-4188-8D7D-13F5D349227A}.Debug|x64.ActiveCfg = Debug|Any CPU
		{50700464-463D-4188-8D7D-13F5D349227A}.Debug|x64.Build.0 = Debug|Any CPU
		{50700464-463D-4188-8D7D-13F5D349227A}.Debug|x86.ActiveCfg = Debug|Any CPU
		{50700464-463D-4188-8D7D-13F5D349227A}.Debug|x86.Build.0 = Debug|Any CPU
		{50700464-463D-4188-8D7D-13F5D349227A}.Release|Any CPU.ActiveCfg = Release|Any CPU
		{50700464-463D-4188-8D7D-13F5D349227A}.Release|Any CPU.Build.0 = Release|Any CPU
		{50700464-463D-4188-8D7D-13F5D349227A}.Release|x64.ActiveCfg = Release|Any CPU
		{50700464-463D-4188-8D7D-13F5D349227A}.Release|x64.Build.0 = Release|Any CPU
		{50700464-463D-4188-8D7D-13F5D349227A}.Release|x86.ActiveCfg = Release|Any CPU
		{50700464-463D-4188-8D7D-13F5D349227A}.Release|x86.Build.0 = Release|Any CPU
		{F3E5F624-F5CB-4CA4-A5E4-CF3AB837963C}.Debug|Any CPU.ActiveCfg = Debug|Any CPU
		{F3E5F624-F5CB-4CA4-A5E4-CF3AB837963C}.Debug|Any CPU.Build.0 = Debug|Any CPU
		{F3E5F624-F5CB-4CA4-A5E4-CF3AB837963C}.Debug|x64.ActiveCfg = Debug|Any CPU
		{F3E5F624-F5CB-4CA4-A5E4-CF3AB837963C}.Debug|x64.Build.0 = Debug|Any CPU
		{F3E5F624-F5CB-4CA4-A5E4-CF3AB837963C}.Debug|x86.ActiveCfg = Debug|Any CPU
		{F3E5F624-F5CB-4CA4-A5E4-CF3AB837963C}.Debug|x86.Build.0 = Debug|Any CPU
		{F3E5F624-F5CB-4CA4-A5E4-CF3AB837963C}.Release|Any CPU.ActiveCfg = Release|Any CPU
		{F3E5F624-F5CB-4CA4-A5E4-CF3AB837963C}.Release|Any CPU.Build.0 = Release|Any CPU
		{F3E5F624-F5CB-4CA4-A5E4-CF3AB837963C}.Release|x64.ActiveCfg = Release|Any CPU
		{F3E5F624-F5CB-4CA4-A5E4-CF3AB837963C}.Release|x64.Build.0 = Release|Any CPU
		{F3E5F624-F5CB-4CA4-A5E4-CF3AB837963C}.Release|x86.ActiveCfg = Release|Any CPU
		{F3E5F624-F5CB-4CA4-A5E4-CF3AB837963C}.Release|x86.Build.0 = Release|Any CPU
		{40242FE6-84DA-4C26-A2DB-7AB3975F1C06}.Debug|Any CPU.ActiveCfg = Debug|Any CPU
		{40242FE6-84DA-4C26-A2DB-7AB3975F1C06}.Debug|Any CPU.Build.0 = Debug|Any CPU
		{40242FE6-84DA-4C26-A2DB-7AB3975F1C06}.Debug|x64.ActiveCfg = Debug|Any CPU
		{40242FE6-84DA-4C26-A2DB-7AB3975F1C06}.Debug|x64.Build.0 = Debug|Any CPU
		{40242FE6-84DA-4C26-A2DB-7AB3975F1C06}.Debug|x86.ActiveCfg = Debug|Any CPU
		{40242FE6-84DA-4C26-A2DB-7AB3975F1C06}.Debug|x86.Build.0 = Debug|Any CPU
		{40242FE6-84DA-4C26-A2DB-7AB3975F1C06}.Release|Any CPU.ActiveCfg = Release|Any CPU
		{40242FE6-84DA-4C26-A2DB-7AB3975F1C06}.Release|Any CPU.Build.0 = Release|Any CPU
		{40242FE6-84DA-4C26-A2DB-7AB3975F1C06}.Release|x64.ActiveCfg = Release|Any CPU
		{40242FE6-84DA-4C26-A2DB-7AB3975F1C06}.Release|x64.Build.0 = Release|Any CPU
		{40242FE6-84DA-4C26-A2DB-7AB3975F1C06}.Release|x86.ActiveCfg = Release|Any CPU
		{40242FE6-84DA-4C26-A2DB-7AB3975F1C06}.Release|x86.Build.0 = Release|Any CPU
		{C4509C81-F0F3-4B19-B9AE-B4511C9D1B6E}.Debug|Any CPU.ActiveCfg = Debug|Any CPU
		{C4509C81-F0F3-4B19-B9AE-B4511C9D1B6E}.Debug|Any CPU.Build.0 = Debug|Any CPU
		{C4509C81-F0F3-4B19-B9AE-B4511C9D1B6E}.Debug|x64.ActiveCfg = Debug|Any CPU
		{C4509C81-F0F3-4B19-B9AE-B4511C9D1B6E}.Debug|x64.Build.0 = Debug|Any CPU
		{C4509C81-F0F3-4B19-B9AE-B4511C9D1B6E}.Debug|x86.ActiveCfg = Debug|Any CPU
		{C4509C81-F0F3-4B19-B9AE-B4511C9D1B6E}.Debug|x86.Build.0 = Debug|Any CPU
		{C4509C81-F0F3-4B19-B9AE-B4511C9D1B6E}.Release|Any CPU.ActiveCfg = Release|Any CPU
		{C4509C81-F0F3-4B19-B9AE-B4511C9D1B6E}.Release|Any CPU.Build.0 = Release|Any CPU
		{C4509C81-F0F3-4B19-B9AE-B4511C9D1B6E}.Release|x64.ActiveCfg = Release|Any CPU
		{C4509C81-F0F3-4B19-B9AE-B4511C9D1B6E}.Release|x64.Build.0 = Release|Any CPU
		{C4509C81-F0F3-4B19-B9AE-B4511C9D1B6E}.Release|x86.ActiveCfg = Release|Any CPU
		{C4509C81-F0F3-4B19-B9AE-B4511C9D1B6E}.Release|x86.Build.0 = Release|Any CPU
		{7513D617-40AF-41A6-A9EE-1209D85203D9}.Debug|Any CPU.ActiveCfg = Debug|Any CPU
		{7513D617-40AF-41A6-A9EE-1209D85203D9}.Debug|Any CPU.Build.0 = Debug|Any CPU
		{7513D617-40AF-41A6-A9EE-1209D85203D9}.Debug|x64.ActiveCfg = Debug|Any CPU
		{7513D617-40AF-41A6-A9EE-1209D85203D9}.Debug|x64.Build.0 = Debug|Any CPU
		{7513D617-40AF-41A6-A9EE-1209D85203D9}.Debug|x86.ActiveCfg = Debug|Any CPU
		{7513D617-40AF-41A6-A9EE-1209D85203D9}.Debug|x86.Build.0 = Debug|Any CPU
		{7513D617-40AF-41A6-A9EE-1209D85203D9}.Release|Any CPU.ActiveCfg = Release|Any CPU
		{7513D617-40AF-41A6-A9EE-1209D85203D9}.Release|Any CPU.Build.0 = Release|Any CPU
		{7513D617-40AF-41A6-A9EE-1209D85203D9}.Release|x64.ActiveCfg = Release|Any CPU
		{7513D617-40AF-41A6-A9EE-1209D85203D9}.Release|x64.Build.0 = Release|Any CPU
		{7513D617-40AF-41A6-A9EE-1209D85203D9}.Release|x86.ActiveCfg = Release|Any CPU
		{7513D617-40AF-41A6-A9EE-1209D85203D9}.Release|x86.Build.0 = Release|Any CPU
		{5074465D-F319-444A-A90B-F30617838DDE}.Debug|Any CPU.ActiveCfg = Debug|Any CPU
		{5074465D-F319-444A-A90B-F30617838DDE}.Debug|Any CPU.Build.0 = Debug|Any CPU
		{5074465D-F319-444A-A90B-F30617838DDE}.Debug|x64.ActiveCfg = Debug|Any CPU
		{5074465D-F319-444A-A90B-F30617838DDE}.Debug|x64.Build.0 = Debug|Any CPU
		{5074465D-F319-444A-A90B-F30617838DDE}.Debug|x86.ActiveCfg = Debug|Any CPU
		{5074465D-F319-444A-A90B-F30617838DDE}.Debug|x86.Build.0 = Debug|Any CPU
		{5074465D-F319-444A-A90B-F30617838DDE}.Release|Any CPU.ActiveCfg = Release|Any CPU
		{5074465D-F319-444A-A90B-F30617838DDE}.Release|Any CPU.Build.0 = Release|Any CPU
		{5074465D-F319-444A-A90B-F30617838DDE}.Release|x64.ActiveCfg = Release|Any CPU
		{5074465D-F319-444A-A90B-F30617838DDE}.Release|x64.Build.0 = Release|Any CPU
		{5074465D-F319-444A-A90B-F30617838DDE}.Release|x86.ActiveCfg = Release|Any CPU
		{5074465D-F319-444A-A90B-F30617838DDE}.Release|x86.Build.0 = Release|Any CPU
		{9B7D48B9-4BBE-4A6D-8A50-7BC2E24E2D40}.Debug|Any CPU.ActiveCfg = Debug|Any CPU
		{9B7D48B9-4BBE-4A6D-8A50-7BC2E24E2D40}.Debug|Any CPU.Build.0 = Debug|Any CPU
		{9B7D48B9-4BBE-4A6D-8A50-7BC2E24E2D40}.Release|Any CPU.ActiveCfg = Release|Any CPU
		{9B7D48B9-4BBE-4A6D-8A50-7BC2E24E2D40}.Release|Any CPU.Build.0 = Release|Any CPU
		{32F56277-4CC1-4882-A3DF-250972DE0452}.Debug|Any CPU.ActiveCfg = Debug|Any CPU
		{32F56277-4CC1-4882-A3DF-250972DE0452}.Debug|Any CPU.Build.0 = Debug|Any CPU
		{32F56277-4CC1-4882-A3DF-250972DE0452}.Debug|x64.ActiveCfg = Debug|Any CPU
		{32F56277-4CC1-4882-A3DF-250972DE0452}.Debug|x64.Build.0 = Debug|Any CPU
		{32F56277-4CC1-4882-A3DF-250972DE0452}.Debug|x86.ActiveCfg = Debug|Any CPU
		{32F56277-4CC1-4882-A3DF-250972DE0452}.Debug|x86.Build.0 = Debug|Any CPU
		{32F56277-4CC1-4882-A3DF-250972DE0452}.Release|Any CPU.ActiveCfg = Release|Any CPU
		{32F56277-4CC1-4882-A3DF-250972DE0452}.Release|Any CPU.Build.0 = Release|Any CPU
		{32F56277-4CC1-4882-A3DF-250972DE0452}.Release|x64.ActiveCfg = Release|Any CPU
		{32F56277-4CC1-4882-A3DF-250972DE0452}.Release|x64.Build.0 = Release|Any CPU
		{32F56277-4CC1-4882-A3DF-250972DE0452}.Release|x86.ActiveCfg = Release|Any CPU
		{32F56277-4CC1-4882-A3DF-250972DE0452}.Release|x86.Build.0 = Release|Any CPU
		{FC0CD0ED-FF3E-42DD-A2C1-C200D69DED0F}.Debug|Any CPU.ActiveCfg = Debug|Any CPU
		{FC0CD0ED-FF3E-42DD-A2C1-C200D69DED0F}.Debug|Any CPU.Build.0 = Debug|Any CPU
		{FC0CD0ED-FF3E-42DD-A2C1-C200D69DED0F}.Debug|x64.ActiveCfg = Debug|Any CPU
		{FC0CD0ED-FF3E-42DD-A2C1-C200D69DED0F}.Debug|x64.Build.0 = Debug|Any CPU
		{FC0CD0ED-FF3E-42DD-A2C1-C200D69DED0F}.Debug|x86.ActiveCfg = Debug|Any CPU
		{FC0CD0ED-FF3E-42DD-A2C1-C200D69DED0F}.Debug|x86.Build.0 = Debug|Any CPU
		{FC0CD0ED-FF3E-42DD-A2C1-C200D69DED0F}.Release|Any CPU.ActiveCfg = Release|Any CPU
		{FC0CD0ED-FF3E-42DD-A2C1-C200D69DED0F}.Release|Any CPU.Build.0 = Release|Any CPU
		{FC0CD0ED-FF3E-42DD-A2C1-C200D69DED0F}.Release|x64.ActiveCfg = Release|Any CPU
		{FC0CD0ED-FF3E-42DD-A2C1-C200D69DED0F}.Release|x64.Build.0 = Release|Any CPU
		{FC0CD0ED-FF3E-42DD-A2C1-C200D69DED0F}.Release|x86.ActiveCfg = Release|Any CPU
		{FC0CD0ED-FF3E-42DD-A2C1-C200D69DED0F}.Release|x86.Build.0 = Release|Any CPU
		{2E88B6CD-5F53-412B-B800-6D2FCA3784F6}.Debug|Any CPU.ActiveCfg = Debug|Any CPU
		{2E88B6CD-5F53-412B-B800-6D2FCA3784F6}.Debug|Any CPU.Build.0 = Debug|Any CPU
		{2E88B6CD-5F53-412B-B800-6D2FCA3784F6}.Debug|x64.ActiveCfg = Debug|Any CPU
		{2E88B6CD-5F53-412B-B800-6D2FCA3784F6}.Debug|x64.Build.0 = Debug|Any CPU
		{2E88B6CD-5F53-412B-B800-6D2FCA3784F6}.Debug|x86.ActiveCfg = Debug|Any CPU
		{2E88B6CD-5F53-412B-B800-6D2FCA3784F6}.Debug|x86.Build.0 = Debug|Any CPU
		{2E88B6CD-5F53-412B-B800-6D2FCA3784F6}.Release|Any CPU.ActiveCfg = Release|Any CPU
		{2E88B6CD-5F53-412B-B800-6D2FCA3784F6}.Release|Any CPU.Build.0 = Release|Any CPU
		{2E88B6CD-5F53-412B-B800-6D2FCA3784F6}.Release|x64.ActiveCfg = Release|Any CPU
		{2E88B6CD-5F53-412B-B800-6D2FCA3784F6}.Release|x64.Build.0 = Release|Any CPU
		{2E88B6CD-5F53-412B-B800-6D2FCA3784F6}.Release|x86.ActiveCfg = Release|Any CPU
		{2E88B6CD-5F53-412B-B800-6D2FCA3784F6}.Release|x86.Build.0 = Release|Any CPU
		{F1A88A74-35DC-450A-8825-53E5C8D95D26}.Debug|Any CPU.ActiveCfg = Debug|Any CPU
		{F1A88A74-35DC-450A-8825-53E5C8D95D26}.Debug|Any CPU.Build.0 = Debug|Any CPU
		{F1A88A74-35DC-450A-8825-53E5C8D95D26}.Debug|x64.ActiveCfg = Debug|Any CPU
		{F1A88A74-35DC-450A-8825-53E5C8D95D26}.Debug|x64.Build.0 = Debug|Any CPU
		{F1A88A74-35DC-450A-8825-53E5C8D95D26}.Debug|x86.ActiveCfg = Debug|Any CPU
		{F1A88A74-35DC-450A-8825-53E5C8D95D26}.Debug|x86.Build.0 = Debug|Any CPU
		{F1A88A74-35DC-450A-8825-53E5C8D95D26}.Release|Any CPU.ActiveCfg = Release|Any CPU
		{F1A88A74-35DC-450A-8825-53E5C8D95D26}.Release|Any CPU.Build.0 = Release|Any CPU
		{F1A88A74-35DC-450A-8825-53E5C8D95D26}.Release|x64.ActiveCfg = Release|Any CPU
		{F1A88A74-35DC-450A-8825-53E5C8D95D26}.Release|x64.Build.0 = Release|Any CPU
		{F1A88A74-35DC-450A-8825-53E5C8D95D26}.Release|x86.ActiveCfg = Release|Any CPU
		{F1A88A74-35DC-450A-8825-53E5C8D95D26}.Release|x86.Build.0 = Release|Any CPU
		{3B0AB937-0521-4EEB-85C0-3690ECB53780}.Debug|Any CPU.ActiveCfg = Debug|Any CPU
		{3B0AB937-0521-4EEB-85C0-3690ECB53780}.Debug|Any CPU.Build.0 = Debug|Any CPU
		{3B0AB937-0521-4EEB-85C0-3690ECB53780}.Debug|x64.ActiveCfg = Debug|Any CPU
		{3B0AB937-0521-4EEB-85C0-3690ECB53780}.Debug|x64.Build.0 = Debug|Any CPU
		{3B0AB937-0521-4EEB-85C0-3690ECB53780}.Debug|x86.ActiveCfg = Debug|Any CPU
		{3B0AB937-0521-4EEB-85C0-3690ECB53780}.Debug|x86.Build.0 = Debug|Any CPU
		{3B0AB937-0521-4EEB-85C0-3690ECB53780}.Release|Any CPU.ActiveCfg = Release|Any CPU
		{3B0AB937-0521-4EEB-85C0-3690ECB53780}.Release|Any CPU.Build.0 = Release|Any CPU
		{3B0AB937-0521-4EEB-85C0-3690ECB53780}.Release|x64.ActiveCfg = Release|Any CPU
		{3B0AB937-0521-4EEB-85C0-3690ECB53780}.Release|x64.Build.0 = Release|Any CPU
		{3B0AB937-0521-4EEB-85C0-3690ECB53780}.Release|x86.ActiveCfg = Release|Any CPU
		{3B0AB937-0521-4EEB-85C0-3690ECB53780}.Release|x86.Build.0 = Release|Any CPU
		{FCDBA604-7219-4AC4-8EC6-BACBD6A414E4}.Debug|Any CPU.ActiveCfg = Debug|Any CPU
		{FCDBA604-7219-4AC4-8EC6-BACBD6A414E4}.Debug|Any CPU.Build.0 = Debug|Any CPU
		{FCDBA604-7219-4AC4-8EC6-BACBD6A414E4}.Debug|x64.ActiveCfg = Debug|Any CPU
		{FCDBA604-7219-4AC4-8EC6-BACBD6A414E4}.Debug|x64.Build.0 = Debug|Any CPU
		{FCDBA604-7219-4AC4-8EC6-BACBD6A414E4}.Debug|x86.ActiveCfg = Debug|Any CPU
		{FCDBA604-7219-4AC4-8EC6-BACBD6A414E4}.Debug|x86.Build.0 = Debug|Any CPU
		{FCDBA604-7219-4AC4-8EC6-BACBD6A414E4}.Release|Any CPU.ActiveCfg = Release|Any CPU
		{FCDBA604-7219-4AC4-8EC6-BACBD6A414E4}.Release|Any CPU.Build.0 = Release|Any CPU
		{FCDBA604-7219-4AC4-8EC6-BACBD6A414E4}.Release|x64.ActiveCfg = Release|Any CPU
		{FCDBA604-7219-4AC4-8EC6-BACBD6A414E4}.Release|x64.Build.0 = Release|Any CPU
		{FCDBA604-7219-4AC4-8EC6-BACBD6A414E4}.Release|x86.ActiveCfg = Release|Any CPU
		{FCDBA604-7219-4AC4-8EC6-BACBD6A414E4}.Release|x86.Build.0 = Release|Any CPU
		{1DA8D422-02A7-4ADB-B176-66F93EFD6DE0}.Debug|Any CPU.ActiveCfg = Debug|Any CPU
		{1DA8D422-02A7-4ADB-B176-66F93EFD6DE0}.Debug|Any CPU.Build.0 = Debug|Any CPU
		{1DA8D422-02A7-4ADB-B176-66F93EFD6DE0}.Debug|x64.ActiveCfg = Debug|Any CPU
		{1DA8D422-02A7-4ADB-B176-66F93EFD6DE0}.Debug|x64.Build.0 = Debug|Any CPU
		{1DA8D422-02A7-4ADB-B176-66F93EFD6DE0}.Debug|x86.ActiveCfg = Debug|Any CPU
		{1DA8D422-02A7-4ADB-B176-66F93EFD6DE0}.Debug|x86.Build.0 = Debug|Any CPU
		{1DA8D422-02A7-4ADB-B176-66F93EFD6DE0}.Release|Any CPU.ActiveCfg = Release|Any CPU
		{1DA8D422-02A7-4ADB-B176-66F93EFD6DE0}.Release|Any CPU.Build.0 = Release|Any CPU
		{1DA8D422-02A7-4ADB-B176-66F93EFD6DE0}.Release|x64.ActiveCfg = Release|Any CPU
		{1DA8D422-02A7-4ADB-B176-66F93EFD6DE0}.Release|x64.Build.0 = Release|Any CPU
		{1DA8D422-02A7-4ADB-B176-66F93EFD6DE0}.Release|x86.ActiveCfg = Release|Any CPU
		{1DA8D422-02A7-4ADB-B176-66F93EFD6DE0}.Release|x86.Build.0 = Release|Any CPU
		{21BC8FB4-4AC1-41CE-A33E-5D75E0A23ADC}.Debug|Any CPU.ActiveCfg = Debug|Any CPU
		{21BC8FB4-4AC1-41CE-A33E-5D75E0A23ADC}.Debug|Any CPU.Build.0 = Debug|Any CPU
		{21BC8FB4-4AC1-41CE-A33E-5D75E0A23ADC}.Debug|x64.ActiveCfg = Debug|Any CPU
		{21BC8FB4-4AC1-41CE-A33E-5D75E0A23ADC}.Debug|x64.Build.0 = Debug|Any CPU
		{21BC8FB4-4AC1-41CE-A33E-5D75E0A23ADC}.Debug|x86.ActiveCfg = Debug|Any CPU
		{21BC8FB4-4AC1-41CE-A33E-5D75E0A23ADC}.Debug|x86.Build.0 = Debug|Any CPU
		{21BC8FB4-4AC1-41CE-A33E-5D75E0A23ADC}.Release|Any CPU.ActiveCfg = Release|Any CPU
		{21BC8FB4-4AC1-41CE-A33E-5D75E0A23ADC}.Release|Any CPU.Build.0 = Release|Any CPU
		{21BC8FB4-4AC1-41CE-A33E-5D75E0A23ADC}.Release|x64.ActiveCfg = Release|Any CPU
		{21BC8FB4-4AC1-41CE-A33E-5D75E0A23ADC}.Release|x64.Build.0 = Release|Any CPU
		{21BC8FB4-4AC1-41CE-A33E-5D75E0A23ADC}.Release|x86.ActiveCfg = Release|Any CPU
		{21BC8FB4-4AC1-41CE-A33E-5D75E0A23ADC}.Release|x86.Build.0 = Release|Any CPU
		{29B3FC61-9D47-421D-9723-D5AE3C36044F}.Debug|Any CPU.ActiveCfg = Debug|Any CPU
		{29B3FC61-9D47-421D-9723-D5AE3C36044F}.Debug|Any CPU.Build.0 = Debug|Any CPU
		{29B3FC61-9D47-421D-9723-D5AE3C36044F}.Debug|x64.ActiveCfg = Debug|Any CPU
		{29B3FC61-9D47-421D-9723-D5AE3C36044F}.Debug|x64.Build.0 = Debug|Any CPU
		{29B3FC61-9D47-421D-9723-D5AE3C36044F}.Debug|x86.ActiveCfg = Debug|Any CPU
		{29B3FC61-9D47-421D-9723-D5AE3C36044F}.Debug|x86.Build.0 = Debug|Any CPU
		{29B3FC61-9D47-421D-9723-D5AE3C36044F}.Release|Any CPU.ActiveCfg = Release|Any CPU
		{29B3FC61-9D47-421D-9723-D5AE3C36044F}.Release|Any CPU.Build.0 = Release|Any CPU
		{29B3FC61-9D47-421D-9723-D5AE3C36044F}.Release|x64.ActiveCfg = Release|Any CPU
		{29B3FC61-9D47-421D-9723-D5AE3C36044F}.Release|x64.Build.0 = Release|Any CPU
		{29B3FC61-9D47-421D-9723-D5AE3C36044F}.Release|x86.ActiveCfg = Release|Any CPU
		{29B3FC61-9D47-421D-9723-D5AE3C36044F}.Release|x86.Build.0 = Release|Any CPU
		{6F67E2BB-0D1E-4241-95A6-EFD3A726E5E6}.Debug|Any CPU.ActiveCfg = Debug|Any CPU
		{6F67E2BB-0D1E-4241-95A6-EFD3A726E5E6}.Debug|Any CPU.Build.0 = Debug|Any CPU
		{6F67E2BB-0D1E-4241-95A6-EFD3A726E5E6}.Debug|x64.ActiveCfg = Debug|Any CPU
		{6F67E2BB-0D1E-4241-95A6-EFD3A726E5E6}.Debug|x64.Build.0 = Debug|Any CPU
		{6F67E2BB-0D1E-4241-95A6-EFD3A726E5E6}.Debug|x86.ActiveCfg = Debug|Any CPU
		{6F67E2BB-0D1E-4241-95A6-EFD3A726E5E6}.Debug|x86.Build.0 = Debug|Any CPU
		{6F67E2BB-0D1E-4241-95A6-EFD3A726E5E6}.Release|Any CPU.ActiveCfg = Release|Any CPU
		{6F67E2BB-0D1E-4241-95A6-EFD3A726E5E6}.Release|Any CPU.Build.0 = Release|Any CPU
		{6F67E2BB-0D1E-4241-95A6-EFD3A726E5E6}.Release|x64.ActiveCfg = Release|Any CPU
		{6F67E2BB-0D1E-4241-95A6-EFD3A726E5E6}.Release|x64.Build.0 = Release|Any CPU
		{6F67E2BB-0D1E-4241-95A6-EFD3A726E5E6}.Release|x86.ActiveCfg = Release|Any CPU
		{6F67E2BB-0D1E-4241-95A6-EFD3A726E5E6}.Release|x86.Build.0 = Release|Any CPU
		{F863D63C-62F0-4FFC-9282-99C8CFEB0330}.Debug|Any CPU.ActiveCfg = Debug|Any CPU
		{F863D63C-62F0-4FFC-9282-99C8CFEB0330}.Debug|Any CPU.Build.0 = Debug|Any CPU
		{F863D63C-62F0-4FFC-9282-99C8CFEB0330}.Debug|x64.ActiveCfg = Debug|Any CPU
		{F863D63C-62F0-4FFC-9282-99C8CFEB0330}.Debug|x64.Build.0 = Debug|Any CPU
		{F863D63C-62F0-4FFC-9282-99C8CFEB0330}.Debug|x86.ActiveCfg = Debug|Any CPU
		{F863D63C-62F0-4FFC-9282-99C8CFEB0330}.Debug|x86.Build.0 = Debug|Any CPU
		{F863D63C-62F0-4FFC-9282-99C8CFEB0330}.Release|Any CPU.ActiveCfg = Release|Any CPU
		{F863D63C-62F0-4FFC-9282-99C8CFEB0330}.Release|Any CPU.Build.0 = Release|Any CPU
		{F863D63C-62F0-4FFC-9282-99C8CFEB0330}.Release|x64.ActiveCfg = Release|Any CPU
		{F863D63C-62F0-4FFC-9282-99C8CFEB0330}.Release|x64.Build.0 = Release|Any CPU
		{F863D63C-62F0-4FFC-9282-99C8CFEB0330}.Release|x86.ActiveCfg = Release|Any CPU
		{F863D63C-62F0-4FFC-9282-99C8CFEB0330}.Release|x86.Build.0 = Release|Any CPU
		{F03888B2-551A-4070-8AD4-7EBD72607B68}.Debug|Any CPU.ActiveCfg = Debug|Any CPU
		{F03888B2-551A-4070-8AD4-7EBD72607B68}.Debug|Any CPU.Build.0 = Debug|Any CPU
		{F03888B2-551A-4070-8AD4-7EBD72607B68}.Debug|x64.ActiveCfg = Debug|Any CPU
		{F03888B2-551A-4070-8AD4-7EBD72607B68}.Debug|x64.Build.0 = Debug|Any CPU
		{F03888B2-551A-4070-8AD4-7EBD72607B68}.Debug|x86.ActiveCfg = Debug|Any CPU
		{F03888B2-551A-4070-8AD4-7EBD72607B68}.Debug|x86.Build.0 = Debug|Any CPU
		{F03888B2-551A-4070-8AD4-7EBD72607B68}.Release|Any CPU.ActiveCfg = Release|Any CPU
		{F03888B2-551A-4070-8AD4-7EBD72607B68}.Release|Any CPU.Build.0 = Release|Any CPU
		{F03888B2-551A-4070-8AD4-7EBD72607B68}.Release|x64.ActiveCfg = Release|Any CPU
		{F03888B2-551A-4070-8AD4-7EBD72607B68}.Release|x64.Build.0 = Release|Any CPU
		{F03888B2-551A-4070-8AD4-7EBD72607B68}.Release|x86.ActiveCfg = Release|Any CPU
		{F03888B2-551A-4070-8AD4-7EBD72607B68}.Release|x86.Build.0 = Release|Any CPU
		{B305F9F5-9F56-4111-958C-C2F17D96CF65}.Debug|Any CPU.ActiveCfg = Debug|Any CPU
		{B305F9F5-9F56-4111-958C-C2F17D96CF65}.Debug|Any CPU.Build.0 = Debug|Any CPU
		{B305F9F5-9F56-4111-958C-C2F17D96CF65}.Debug|x64.ActiveCfg = Debug|Any CPU
		{B305F9F5-9F56-4111-958C-C2F17D96CF65}.Debug|x64.Build.0 = Debug|Any CPU
		{B305F9F5-9F56-4111-958C-C2F17D96CF65}.Debug|x86.ActiveCfg = Debug|Any CPU
		{B305F9F5-9F56-4111-958C-C2F17D96CF65}.Debug|x86.Build.0 = Debug|Any CPU
		{B305F9F5-9F56-4111-958C-C2F17D96CF65}.Release|Any CPU.ActiveCfg = Release|Any CPU
		{B305F9F5-9F56-4111-958C-C2F17D96CF65}.Release|Any CPU.Build.0 = Release|Any CPU
		{B305F9F5-9F56-4111-958C-C2F17D96CF65}.Release|x64.ActiveCfg = Release|Any CPU
		{B305F9F5-9F56-4111-958C-C2F17D96CF65}.Release|x64.Build.0 = Release|Any CPU
		{B305F9F5-9F56-4111-958C-C2F17D96CF65}.Release|x86.ActiveCfg = Release|Any CPU
		{B305F9F5-9F56-4111-958C-C2F17D96CF65}.Release|x86.Build.0 = Release|Any CPU
		{C5312A5B-6DCB-4FC3-ACCB-5309CD35B4BA}.Debug|Any CPU.ActiveCfg = Debug|Any CPU
		{C5312A5B-6DCB-4FC3-ACCB-5309CD35B4BA}.Debug|Any CPU.Build.0 = Debug|Any CPU
		{C5312A5B-6DCB-4FC3-ACCB-5309CD35B4BA}.Debug|x64.ActiveCfg = Debug|Any CPU
		{C5312A5B-6DCB-4FC3-ACCB-5309CD35B4BA}.Debug|x64.Build.0 = Debug|Any CPU
		{C5312A5B-6DCB-4FC3-ACCB-5309CD35B4BA}.Debug|x86.ActiveCfg = Debug|Any CPU
		{C5312A5B-6DCB-4FC3-ACCB-5309CD35B4BA}.Debug|x86.Build.0 = Debug|Any CPU
		{C5312A5B-6DCB-4FC3-ACCB-5309CD35B4BA}.Release|Any CPU.ActiveCfg = Release|Any CPU
		{C5312A5B-6DCB-4FC3-ACCB-5309CD35B4BA}.Release|Any CPU.Build.0 = Release|Any CPU
		{C5312A5B-6DCB-4FC3-ACCB-5309CD35B4BA}.Release|x64.ActiveCfg = Release|Any CPU
		{C5312A5B-6DCB-4FC3-ACCB-5309CD35B4BA}.Release|x64.Build.0 = Release|Any CPU
		{C5312A5B-6DCB-4FC3-ACCB-5309CD35B4BA}.Release|x86.ActiveCfg = Release|Any CPU
		{C5312A5B-6DCB-4FC3-ACCB-5309CD35B4BA}.Release|x86.Build.0 = Release|Any CPU
		{066D013F-9123-46DA-974F-24943F6BBB7F}.Debug|Any CPU.ActiveCfg = Debug|Any CPU
		{066D013F-9123-46DA-974F-24943F6BBB7F}.Debug|Any CPU.Build.0 = Debug|Any CPU
		{066D013F-9123-46DA-974F-24943F6BBB7F}.Debug|x64.ActiveCfg = Debug|Any CPU
		{066D013F-9123-46DA-974F-24943F6BBB7F}.Debug|x64.Build.0 = Debug|Any CPU
		{066D013F-9123-46DA-974F-24943F6BBB7F}.Debug|x86.ActiveCfg = Debug|Any CPU
		{066D013F-9123-46DA-974F-24943F6BBB7F}.Debug|x86.Build.0 = Debug|Any CPU
		{066D013F-9123-46DA-974F-24943F6BBB7F}.Release|Any CPU.ActiveCfg = Release|Any CPU
		{066D013F-9123-46DA-974F-24943F6BBB7F}.Release|Any CPU.Build.0 = Release|Any CPU
		{066D013F-9123-46DA-974F-24943F6BBB7F}.Release|x64.ActiveCfg = Release|Any CPU
		{066D013F-9123-46DA-974F-24943F6BBB7F}.Release|x64.Build.0 = Release|Any CPU
		{066D013F-9123-46DA-974F-24943F6BBB7F}.Release|x86.ActiveCfg = Release|Any CPU
		{066D013F-9123-46DA-974F-24943F6BBB7F}.Release|x86.Build.0 = Release|Any CPU
		{8629EA12-B6D5-41DD-9DAF-C2019E572A49}.Debug|Any CPU.ActiveCfg = Debug|Any CPU
		{8629EA12-B6D5-41DD-9DAF-C2019E572A49}.Debug|Any CPU.Build.0 = Debug|Any CPU
		{8629EA12-B6D5-41DD-9DAF-C2019E572A49}.Debug|x64.ActiveCfg = Debug|Any CPU
		{8629EA12-B6D5-41DD-9DAF-C2019E572A49}.Debug|x64.Build.0 = Debug|Any CPU
		{8629EA12-B6D5-41DD-9DAF-C2019E572A49}.Debug|x86.ActiveCfg = Debug|Any CPU
		{8629EA12-B6D5-41DD-9DAF-C2019E572A49}.Debug|x86.Build.0 = Debug|Any CPU
		{8629EA12-B6D5-41DD-9DAF-C2019E572A49}.Release|Any CPU.ActiveCfg = Release|Any CPU
		{8629EA12-B6D5-41DD-9DAF-C2019E572A49}.Release|Any CPU.Build.0 = Release|Any CPU
		{8629EA12-B6D5-41DD-9DAF-C2019E572A49}.Release|x64.ActiveCfg = Release|Any CPU
		{8629EA12-B6D5-41DD-9DAF-C2019E572A49}.Release|x64.Build.0 = Release|Any CPU
		{8629EA12-B6D5-41DD-9DAF-C2019E572A49}.Release|x86.ActiveCfg = Release|Any CPU
		{8629EA12-B6D5-41DD-9DAF-C2019E572A49}.Release|x86.Build.0 = Release|Any CPU
		{E24E8D64-1C26-4679-AB49-6582F70BBE4F}.Debug|Any CPU.ActiveCfg = Debug|Any CPU
		{E24E8D64-1C26-4679-AB49-6582F70BBE4F}.Debug|Any CPU.Build.0 = Debug|Any CPU
		{E24E8D64-1C26-4679-AB49-6582F70BBE4F}.Debug|x64.ActiveCfg = Debug|Any CPU
		{E24E8D64-1C26-4679-AB49-6582F70BBE4F}.Debug|x64.Build.0 = Debug|Any CPU
		{E24E8D64-1C26-4679-AB49-6582F70BBE4F}.Debug|x86.ActiveCfg = Debug|Any CPU
		{E24E8D64-1C26-4679-AB49-6582F70BBE4F}.Debug|x86.Build.0 = Debug|Any CPU
		{E24E8D64-1C26-4679-AB49-6582F70BBE4F}.Release|Any CPU.ActiveCfg = Release|Any CPU
		{E24E8D64-1C26-4679-AB49-6582F70BBE4F}.Release|Any CPU.Build.0 = Release|Any CPU
		{E24E8D64-1C26-4679-AB49-6582F70BBE4F}.Release|x64.ActiveCfg = Release|Any CPU
		{E24E8D64-1C26-4679-AB49-6582F70BBE4F}.Release|x64.Build.0 = Release|Any CPU
		{E24E8D64-1C26-4679-AB49-6582F70BBE4F}.Release|x86.ActiveCfg = Release|Any CPU
		{E24E8D64-1C26-4679-AB49-6582F70BBE4F}.Release|x86.Build.0 = Release|Any CPU
		{827503D0-B391-46E3-B2A1-A38C563C5371}.Debug|Any CPU.ActiveCfg = Debug|Any CPU
		{827503D0-B391-46E3-B2A1-A38C563C5371}.Debug|Any CPU.Build.0 = Debug|Any CPU
		{827503D0-B391-46E3-B2A1-A38C563C5371}.Debug|x64.ActiveCfg = Debug|Any CPU
		{827503D0-B391-46E3-B2A1-A38C563C5371}.Debug|x64.Build.0 = Debug|Any CPU
		{827503D0-B391-46E3-B2A1-A38C563C5371}.Debug|x86.ActiveCfg = Debug|Any CPU
		{827503D0-B391-46E3-B2A1-A38C563C5371}.Debug|x86.Build.0 = Debug|Any CPU
		{827503D0-B391-46E3-B2A1-A38C563C5371}.Release|Any CPU.ActiveCfg = Release|Any CPU
		{827503D0-B391-46E3-B2A1-A38C563C5371}.Release|Any CPU.Build.0 = Release|Any CPU
		{827503D0-B391-46E3-B2A1-A38C563C5371}.Release|x64.ActiveCfg = Release|Any CPU
		{827503D0-B391-46E3-B2A1-A38C563C5371}.Release|x64.Build.0 = Release|Any CPU
		{827503D0-B391-46E3-B2A1-A38C563C5371}.Release|x86.ActiveCfg = Release|Any CPU
		{827503D0-B391-46E3-B2A1-A38C563C5371}.Release|x86.Build.0 = Release|Any CPU
		{CB23A379-6312-48AB-AE1B-CEF9A19C8FD9}.Debug|Any CPU.ActiveCfg = Debug|Any CPU
		{CB23A379-6312-48AB-AE1B-CEF9A19C8FD9}.Debug|Any CPU.Build.0 = Debug|Any CPU
		{CB23A379-6312-48AB-AE1B-CEF9A19C8FD9}.Debug|x64.ActiveCfg = Debug|Any CPU
		{CB23A379-6312-48AB-AE1B-CEF9A19C8FD9}.Debug|x64.Build.0 = Debug|Any CPU
		{CB23A379-6312-48AB-AE1B-CEF9A19C8FD9}.Debug|x86.ActiveCfg = Debug|Any CPU
		{CB23A379-6312-48AB-AE1B-CEF9A19C8FD9}.Debug|x86.Build.0 = Debug|Any CPU
		{CB23A379-6312-48AB-AE1B-CEF9A19C8FD9}.Release|Any CPU.ActiveCfg = Release|Any CPU
		{CB23A379-6312-48AB-AE1B-CEF9A19C8FD9}.Release|Any CPU.Build.0 = Release|Any CPU
		{CB23A379-6312-48AB-AE1B-CEF9A19C8FD9}.Release|x64.ActiveCfg = Release|Any CPU
		{CB23A379-6312-48AB-AE1B-CEF9A19C8FD9}.Release|x64.Build.0 = Release|Any CPU
		{CB23A379-6312-48AB-AE1B-CEF9A19C8FD9}.Release|x86.ActiveCfg = Release|Any CPU
		{CB23A379-6312-48AB-AE1B-CEF9A19C8FD9}.Release|x86.Build.0 = Release|Any CPU
		{6D544981-90B1-4D6B-85DE-D69BC1E65FC2}.Debug|Any CPU.ActiveCfg = Debug|Any CPU
		{6D544981-90B1-4D6B-85DE-D69BC1E65FC2}.Debug|Any CPU.Build.0 = Debug|Any CPU
		{6D544981-90B1-4D6B-85DE-D69BC1E65FC2}.Debug|x64.ActiveCfg = Debug|Any CPU
		{6D544981-90B1-4D6B-85DE-D69BC1E65FC2}.Debug|x64.Build.0 = Debug|Any CPU
		{6D544981-90B1-4D6B-85DE-D69BC1E65FC2}.Debug|x86.ActiveCfg = Debug|Any CPU
		{6D544981-90B1-4D6B-85DE-D69BC1E65FC2}.Debug|x86.Build.0 = Debug|Any CPU
		{6D544981-90B1-4D6B-85DE-D69BC1E65FC2}.Release|Any CPU.ActiveCfg = Release|Any CPU
		{6D544981-90B1-4D6B-85DE-D69BC1E65FC2}.Release|Any CPU.Build.0 = Release|Any CPU
		{6D544981-90B1-4D6B-85DE-D69BC1E65FC2}.Release|x64.ActiveCfg = Release|Any CPU
		{6D544981-90B1-4D6B-85DE-D69BC1E65FC2}.Release|x64.Build.0 = Release|Any CPU
		{6D544981-90B1-4D6B-85DE-D69BC1E65FC2}.Release|x86.ActiveCfg = Release|Any CPU
		{6D544981-90B1-4D6B-85DE-D69BC1E65FC2}.Release|x86.Build.0 = Release|Any CPU
		{8CF45F3D-013A-41B0-8EFC-1573CF283BED}.Debug|Any CPU.ActiveCfg = Debug|Any CPU
		{8CF45F3D-013A-41B0-8EFC-1573CF283BED}.Debug|Any CPU.Build.0 = Debug|Any CPU
		{8CF45F3D-013A-41B0-8EFC-1573CF283BED}.Debug|x64.ActiveCfg = Debug|Any CPU
		{8CF45F3D-013A-41B0-8EFC-1573CF283BED}.Debug|x64.Build.0 = Debug|Any CPU
		{8CF45F3D-013A-41B0-8EFC-1573CF283BED}.Debug|x86.ActiveCfg = Debug|Any CPU
		{8CF45F3D-013A-41B0-8EFC-1573CF283BED}.Debug|x86.Build.0 = Debug|Any CPU
		{8CF45F3D-013A-41B0-8EFC-1573CF283BED}.Release|Any CPU.ActiveCfg = Release|Any CPU
		{8CF45F3D-013A-41B0-8EFC-1573CF283BED}.Release|Any CPU.Build.0 = Release|Any CPU
		{8CF45F3D-013A-41B0-8EFC-1573CF283BED}.Release|x64.ActiveCfg = Release|Any CPU
		{8CF45F3D-013A-41B0-8EFC-1573CF283BED}.Release|x64.Build.0 = Release|Any CPU
		{8CF45F3D-013A-41B0-8EFC-1573CF283BED}.Release|x86.ActiveCfg = Release|Any CPU
		{8CF45F3D-013A-41B0-8EFC-1573CF283BED}.Release|x86.Build.0 = Release|Any CPU
		{FBB34A84-C861-4C18-BE36-975A818A2058}.Debug|Any CPU.ActiveCfg = Debug|Any CPU
		{FBB34A84-C861-4C18-BE36-975A818A2058}.Debug|Any CPU.Build.0 = Debug|Any CPU
		{FBB34A84-C861-4C18-BE36-975A818A2058}.Debug|x64.ActiveCfg = Debug|Any CPU
		{FBB34A84-C861-4C18-BE36-975A818A2058}.Debug|x64.Build.0 = Debug|Any CPU
		{FBB34A84-C861-4C18-BE36-975A818A2058}.Debug|x86.ActiveCfg = Debug|Any CPU
		{FBB34A84-C861-4C18-BE36-975A818A2058}.Debug|x86.Build.0 = Debug|Any CPU
		{FBB34A84-C861-4C18-BE36-975A818A2058}.Release|Any CPU.ActiveCfg = Release|Any CPU
		{FBB34A84-C861-4C18-BE36-975A818A2058}.Release|Any CPU.Build.0 = Release|Any CPU
		{FBB34A84-C861-4C18-BE36-975A818A2058}.Release|x64.ActiveCfg = Release|Any CPU
		{FBB34A84-C861-4C18-BE36-975A818A2058}.Release|x64.Build.0 = Release|Any CPU
		{FBB34A84-C861-4C18-BE36-975A818A2058}.Release|x86.ActiveCfg = Release|Any CPU
		{FBB34A84-C861-4C18-BE36-975A818A2058}.Release|x86.Build.0 = Release|Any CPU
		{0A6E6CDA-96E8-45E7-8D1D-35FFA91AA1FE}.Debug|Any CPU.ActiveCfg = Debug|Any CPU
		{0A6E6CDA-96E8-45E7-8D1D-35FFA91AA1FE}.Debug|Any CPU.Build.0 = Debug|Any CPU
		{0A6E6CDA-96E8-45E7-8D1D-35FFA91AA1FE}.Debug|x64.ActiveCfg = Debug|Any CPU
		{0A6E6CDA-96E8-45E7-8D1D-35FFA91AA1FE}.Debug|x64.Build.0 = Debug|Any CPU
		{0A6E6CDA-96E8-45E7-8D1D-35FFA91AA1FE}.Debug|x86.ActiveCfg = Debug|Any CPU
		{0A6E6CDA-96E8-45E7-8D1D-35FFA91AA1FE}.Debug|x86.Build.0 = Debug|Any CPU
		{0A6E6CDA-96E8-45E7-8D1D-35FFA91AA1FE}.Release|Any CPU.ActiveCfg = Release|Any CPU
		{0A6E6CDA-96E8-45E7-8D1D-35FFA91AA1FE}.Release|Any CPU.Build.0 = Release|Any CPU
		{0A6E6CDA-96E8-45E7-8D1D-35FFA91AA1FE}.Release|x64.ActiveCfg = Release|Any CPU
		{0A6E6CDA-96E8-45E7-8D1D-35FFA91AA1FE}.Release|x64.Build.0 = Release|Any CPU
		{0A6E6CDA-96E8-45E7-8D1D-35FFA91AA1FE}.Release|x86.ActiveCfg = Release|Any CPU
		{0A6E6CDA-96E8-45E7-8D1D-35FFA91AA1FE}.Release|x86.Build.0 = Release|Any CPU
		{ECFFB6B7-72E4-4C83-AFBE-0EA2ACCAD1C2}.Debug|Any CPU.ActiveCfg = Debug|Any CPU
		{ECFFB6B7-72E4-4C83-AFBE-0EA2ACCAD1C2}.Debug|Any CPU.Build.0 = Debug|Any CPU
		{ECFFB6B7-72E4-4C83-AFBE-0EA2ACCAD1C2}.Debug|x64.ActiveCfg = Debug|Any CPU
		{ECFFB6B7-72E4-4C83-AFBE-0EA2ACCAD1C2}.Debug|x64.Build.0 = Debug|Any CPU
		{ECFFB6B7-72E4-4C83-AFBE-0EA2ACCAD1C2}.Debug|x86.ActiveCfg = Debug|Any CPU
		{ECFFB6B7-72E4-4C83-AFBE-0EA2ACCAD1C2}.Debug|x86.Build.0 = Debug|Any CPU
		{ECFFB6B7-72E4-4C83-AFBE-0EA2ACCAD1C2}.Release|Any CPU.ActiveCfg = Release|Any CPU
		{ECFFB6B7-72E4-4C83-AFBE-0EA2ACCAD1C2}.Release|Any CPU.Build.0 = Release|Any CPU
		{ECFFB6B7-72E4-4C83-AFBE-0EA2ACCAD1C2}.Release|x64.ActiveCfg = Release|Any CPU
		{ECFFB6B7-72E4-4C83-AFBE-0EA2ACCAD1C2}.Release|x64.Build.0 = Release|Any CPU
		{ECFFB6B7-72E4-4C83-AFBE-0EA2ACCAD1C2}.Release|x86.ActiveCfg = Release|Any CPU
		{ECFFB6B7-72E4-4C83-AFBE-0EA2ACCAD1C2}.Release|x86.Build.0 = Release|Any CPU
	EndGlobalSection
	GlobalSection(SolutionProperties) = preSolution
		HideSolutionNode = FALSE
	EndGlobalSection
	GlobalSection(NestedProjects) = preSolution
		{50700464-463D-4188-8D7D-13F5D349227A} = {827E0CD3-B72D-47B6-A68D-7590B98EB39B}
		{F3E5F624-F5CB-4CA4-A5E4-CF3AB837963C} = {0AB3BF05-4346-4AA6-1389-037BE0695223}
		{40242FE6-84DA-4C26-A2DB-7AB3975F1C06} = {0AB3BF05-4346-4AA6-1389-037BE0695223}
		{C4509C81-F0F3-4B19-B9AE-B4511C9D1B6E} = {0AB3BF05-4346-4AA6-1389-037BE0695223}
		{7513D617-40AF-41A6-A9EE-1209D85203D9} = {78453166-59D3-F6E5-1AF7-6BAE5D72A388}
		{5074465D-F319-444A-A90B-F30617838DDE} = {78453166-59D3-F6E5-1AF7-6BAE5D72A388}
		{32F56277-4CC1-4882-A3DF-250972DE0452} = {07C2787E-EAC7-C090-1BA3-A61EC2A24D84}
		{F5E0089A-45A7-C94E-8280-2590333CA7B9} = {5D20AA90-6969-D8BD-9DCD-8634F4692FDA}
		{87690021-C5F3-B7E5-F4C9-25A0889DE0BD} = {F5E0089A-45A7-C94E-8280-2590333CA7B9}
		{FC0CD0ED-FF3E-42DD-A2C1-C200D69DED0F} = {87690021-C5F3-B7E5-F4C9-25A0889DE0BD}
		{6CF48D53-5507-DAD6-018A-7288DF1A9746} = {F5E0089A-45A7-C94E-8280-2590333CA7B9}
		{2E88B6CD-5F53-412B-B800-6D2FCA3784F6} = {6CF48D53-5507-DAD6-018A-7288DF1A9746}
		{FB8B8943-C43E-63A2-CEE2-363913530BE6} = {F5E0089A-45A7-C94E-8280-2590333CA7B9}
		{F1A88A74-35DC-450A-8825-53E5C8D95D26} = {FB8B8943-C43E-63A2-CEE2-363913530BE6}
		{3B0AB937-0521-4EEB-85C0-3690ECB53780} = {FB8B8943-C43E-63A2-CEE2-363913530BE6}
		{BBDFC003-FB87-79C7-EA83-C634CDAD49AF} = {F5E0089A-45A7-C94E-8280-2590333CA7B9}
		{FCDBA604-7219-4AC4-8EC6-BACBD6A414E4} = {BBDFC003-FB87-79C7-EA83-C634CDAD49AF}
		{53B5E2D1-A44A-F543-9B5C-1CEABCFDA3F3} = {F5E0089A-45A7-C94E-8280-2590333CA7B9}
		{1DA8D422-02A7-4ADB-B176-66F93EFD6DE0} = {53B5E2D1-A44A-F543-9B5C-1CEABCFDA3F3}
		{F00E1ACF-2AAD-BC2F-A64F-FD240A0BBB3F} = {F5E0089A-45A7-C94E-8280-2590333CA7B9}
		{21BC8FB4-4AC1-41CE-A33E-5D75E0A23ADC} = {F00E1ACF-2AAD-BC2F-A64F-FD240A0BBB3F}
		{8E426C7A-FAE8-CE07-ABAF-49228B51D1B3} = {F5E0089A-45A7-C94E-8280-2590333CA7B9}
		{29B3FC61-9D47-421D-9723-D5AE3C36044F} = {8E426C7A-FAE8-CE07-ABAF-49228B51D1B3}
		{B677B926-6FAC-7DD1-03A8-7276A8CDA3E6} = {F5E0089A-45A7-C94E-8280-2590333CA7B9}
		{6F67E2BB-0D1E-4241-95A6-EFD3A726E5E6} = {B677B926-6FAC-7DD1-03A8-7276A8CDA3E6}
		{A6EBA398-A6B0-BDC6-252A-EF6CCA03B694} = {5D20AA90-6969-D8BD-9DCD-8634F4692FDA}
		{F863D63C-62F0-4FFC-9282-99C8CFEB0330} = {A6EBA398-A6B0-BDC6-252A-EF6CCA03B694}
		{F03888B2-551A-4070-8AD4-7EBD72607B68} = {A6EBA398-A6B0-BDC6-252A-EF6CCA03B694}
		{EF7CC4B5-E5B4-0D29-15F6-704FBD06F6E2} = {5D20AA90-6969-D8BD-9DCD-8634F4692FDA}
		{B305F9F5-9F56-4111-958C-C2F17D96CF65} = {EF7CC4B5-E5B4-0D29-15F6-704FBD06F6E2}
		{C5312A5B-6DCB-4FC3-ACCB-5309CD35B4BA} = {6CF48D53-5507-DAD6-018A-7288DF1A9746}
		{066D013F-9123-46DA-974F-24943F6BBB7F} = {6CF48D53-5507-DAD6-018A-7288DF1A9746}
		{8629EA12-B6D5-41DD-9DAF-C2019E572A49} = {6CF48D53-5507-DAD6-018A-7288DF1A9746}
		{E24E8D64-1C26-4679-AB49-6582F70BBE4F} = {6CF48D53-5507-DAD6-018A-7288DF1A9746}
		{827503D0-B391-46E3-B2A1-A38C563C5371} = {6CF48D53-5507-DAD6-018A-7288DF1A9746}
		{CB23A379-6312-48AB-AE1B-CEF9A19C8FD9} = {87690021-C5F3-B7E5-F4C9-25A0889DE0BD}
		{6D544981-90B1-4D6B-85DE-D69BC1E65FC2} = {BBDFC003-FB87-79C7-EA83-C634CDAD49AF}
		{8CF45F3D-013A-41B0-8EFC-1573CF283BED} = {BBDFC003-FB87-79C7-EA83-C634CDAD49AF}
		{FBB34A84-C861-4C18-BE36-975A818A2058} = {BBDFC003-FB87-79C7-EA83-C634CDAD49AF}
		{0A6E6CDA-96E8-45E7-8D1D-35FFA91AA1FE} = {BBDFC003-FB87-79C7-EA83-C634CDAD49AF}
		{ECFFB6B7-72E4-4C83-AFBE-0EA2ACCAD1C2} = {53B5E2D1-A44A-F543-9B5C-1CEABCFDA3F3}
	EndGlobalSection
EndGlobal
