
Microsoft Visual Studio Solution File, Format Version 12.00
# Visual Studio Version 17
VisualStudioVersion = 17.0.31903.59
MinimumVisualStudioVersion = 10.0.40219.1
Project("{2150E333-8FDC-42A3-9474-1A3956D46DE8}") = "src", "src", "{827E0CD3-B72D-47B6-A68D-7590B98EB39B}"
EndProject
Project("{FAE04EC0-301F-11D3-BF4B-00C04F79EFBC}") = "JYPPX.HipSharp", "src\JYPPX.HipSharp\JYPPX.HipSharp.csproj", "{50700464-463D-4188-8D7D-13F5D349227A}"
EndProject
Project("{2150E333-8FDC-42A3-9474-1A3956D46DE8}") = "tests", "tests", "{0AB3BF05-4346-4AA6-1389-037BE0695223}"
EndProject
Project("{FAE04EC0-301F-11D3-BF4B-00C04F79EFBC}") = "JYPPX.HipSharp.UnitTests", "tests\JYPPX.HipSharp.UnitTests\JYPPX.HipSharp.UnitTests.csproj", "{F3E5F624-F5CB-4CA4-A5E4-CF3AB837963C}"
EndProject
Project("{FAE04EC0-301F-11D3-BF4B-00C04F79EFBC}") = "JYPPX.HipSharp.ProjectQuality.Tests", "tests\JYPPX.HipSharp.ProjectQuality.Tests\JYPPX.HipSharp.ProjectQuality.Tests.csproj", "{40242FE6-84DA-4C26-A2DB-7AB3975F1C06}"
EndProject
Project("{FAE04EC0-301F-11D3-BF4B-00C04F79EFBC}") = "JYPPX.HipSharp.PackageTests", "tests\JYPPX.HipSharp.PackageTests\JYPPX.HipSharp.PackageTests.csproj", "{C4509C81-F0F3-4B19-B9AE-B4511C9D1B6E}"
EndProject
Project("{2150E333-8FDC-42A3-9474-1A3956D46DE8}") = "pack", "pack", "{78453166-59D3-F6E5-1AF7-6BAE5D72A388}"
EndProject
Project("{FAE04EC0-301F-11D3-BF4B-00C04F79EFBC}") = "JYPPX.HipSharp.Runtime.linux-x64", "pack\JYPPX.HipSharp.Runtime.linux-x64.csproj", "{7513D617-40AF-41A6-A9EE-1209D85203D9}"
EndProject
Project("{FAE04EC0-301F-11D3-BF4B-00C04F79EFBC}") = "JYPPX.HipSharp.Runtime.win-x64", "pack\JYPPX.HipSharp.Runtime.win-x64.csproj", "{5074465D-F319-444A-A90B-F30617838DDE}"
EndProject
Project("{2150E333-8FDC-42A3-9474-1A3956D46DE8}") = "samples", "samples", "{5D20AA90-6969-D8BD-9DCD-8634F4692FDA}"
EndProject
Project("{FAE04EC0-301F-11D3-BF4B-00C04F79EFBC}") = "DeviceInfo", "samples\DeviceInfo\DeviceInfo.csproj", "{5D550F76-C04A-453F-87BA-0AACFC6AA578}"
EndProject
Project("{FAE04EC0-301F-11D3-BF4B-00C04F79EFBC}") = "MemoryCopy", "samples\MemoryCopy\MemoryCopy.csproj", "{61288994-C924-4906-B38B-BD72359AD675}"
EndProject
Project("{FAE04EC0-301F-11D3-BF4B-00C04F79EFBC}") = "HipRtcVectorAdd", "samples\HipRtcVectorAdd\HipRtcVectorAdd.csproj", "{2CB9444F-F9FD-4A0D-9A92-FCAD80D02A4A}"
EndProject
Project("{FAE04EC0-301F-11D3-BF4B-00C04F79EFBC}") = "HipStreamEventVectorAdd", "samples\HipStreamEventVectorAdd\HipStreamEventVectorAdd.csproj", "{D7BB9E7D-2A1D-44B8-9D56-4BC2CE680B3E}"
EndProject
Project("{FAE04EC0-301F-11D3-BF4B-00C04F79EFBC}") = "JYPPX.HipSharp.BindingGenerator", "tools\JYPPX.HipSharp.BindingGenerator\JYPPX.HipSharp.BindingGenerator.csproj", "{9B7D48B9-4BBE-4A6D-8A50-7BC2E24E2D40}"
EndProject
Global
	GlobalSection(SolutionConfigurationPlatforms) = preSolution
		Debug|Any CPU = Debug|Any CPU
		Debug|x64 = Debug|x64
		Debug|x86 = Debug|x86
		Release|Any CPU = Release|Any CPU
		Release|x64 = Release|x64
		Release|x86 = Release|x86
	EndGlobalSection
	GlobalSection(ProjectConfigurationPlatforms) = postSolution
		{50700464-463D-4188-8D7D-13F5D349227A}.Debug|Any CPU.ActiveCfg = Debug|Any CPU
		{50700464-463D-4188-8D7D-13F5D349227A}.Debug|Any CPU.Build.0 = Debug|Any CPU
		{50700464-463D-4188-8D7D-13F5D349227A}.Debug|x64.ActiveCfg = Debug|Any CPU
		{50700464-463D-4188-8D7D-13F5D349227A}.Debug|x64.Build.0 = Debug|Any CPU
		{50700464-463D-4188-8D7D-13F5D349227A}.Debug|x86.ActiveCfg = Debug|Any CPU
		{50700464-463D-4188-8D7D-13F5D349227A}.Debug|x86.Build.0 = Debug|Any CPU
		{50700464-463D-4188-8D7D-13F5D349227A}.Release|Any CPU.ActiveCfg = Release|Any CPU
		{50700464-463D-4188-8D7D-13F5D349227A}.Release|Any CPU.Build.0 = Release|Any CPU
		{50700464-463D-4188-8D7D-13F5D349227A}.Release|x64.ActiveCfg = Release|Any CPU
		{50700464-463D-4188-8D7D-13F5D349227A}.Release|x64.Build.0 = Release|Any CPU
		{50700464-463D-4188-8D7D-13F5D349227A}.Release|x86.ActiveCfg = Release|Any CPU
		{50700464-463D-4188-8D7D-13F5D349227A}.Release|x86.Build.0 = Release|Any CPU
		{F3E5F624-F5CB-4CA4-A5E4-CF3AB837963C}.Debug|Any CPU.ActiveCfg = Debug|Any CPU
		{F3E5F624-F5CB-4CA4-A5E4-CF3AB837963C}.Debug|Any CPU.Build.0 = Debug|Any CPU
		{F3E5F624-F5CB-4CA4-A5E4-CF3AB837963C}.Debug|x64.ActiveCfg = Debug|Any CPU
		{F3E5F624-F5CB-4CA4-A5E4-CF3AB837963C}.Debug|x64.Build.0 = Debug|Any CPU
		{F3E5F624-F5CB-4CA4-A5E4-CF3AB837963C}.Debug|x86.ActiveCfg = Debug|Any CPU
		{F3E5F624-F5CB-4CA4-A5E4-CF3AB837963C}.Debug|x86.Build.0 = Debug|Any CPU
		{F3E5F624-F5CB-4CA4-A5E4-CF3AB837963C}.Release|Any CPU.ActiveCfg = Release|Any CPU
		{F3E5F624-F5CB-4CA4-A5E4-CF3AB837963C}.Release|Any CPU.Build.0 = Release|Any CPU
		{F3E5F624-F5CB-4CA4-A5E4-CF3AB837963C}.Release|x64.ActiveCfg = Release|Any CPU
		{F3E5F624-F5CB-4CA4-A5E4-CF3AB837963C}.Release|x64.Build.0 = Release|Any CPU
		{F3E5F624-F5CB-4CA4-A5E4-CF3AB837963C}.Release|x86.ActiveCfg = Release|Any CPU
		{F3E5F624-F5CB-4CA4-A5E4-CF3AB837963C}.Release|x86.Build.0 = Release|Any CPU
		{40242FE6-84DA-4C26-A2DB-7AB3975F1C06}.Debug|Any CPU.ActiveCfg = Debug|Any CPU
		{40242FE6-84DA-4C26-A2DB-7AB3975F1C06}.Debug|Any CPU.Build.0 = Debug|Any CPU
		{40242FE6-84DA-4C26-A2DB-7AB3975F1C06}.Debug|x64.ActiveCfg = Debug|Any CPU
		{40242FE6-84DA-4C26-A2DB-7AB3975F1C06}.Debug|x64.Build.0 = Debug|Any CPU
		{40242FE6-84DA-4C26-A2DB-7AB3975F1C06}.Debug|x86.ActiveCfg = Debug|Any CPU
		{40242FE6-84DA-4C26-A2DB-7AB3975F1C06}.Debug|x86.Build.0 = Debug|Any CPU
		{40242FE6-84DA-4C26-A2DB-7AB3975F1C06}.Release|Any CPU.ActiveCfg = Release|Any CPU
		{40242FE6-84DA-4C26-A2DB-7AB3975F1C06}.Release|Any CPU.Build.0 = Release|Any CPU
		{40242FE6-84DA-4C26-A2DB-7AB3975F1C06}.Release|x64.ActiveCfg = Release|Any CPU
		{40242FE6-84DA-4C26-A2DB-7AB3975F1C06}.Release|x64.Build.0 = Release|Any CPU
		{40242FE6-84DA-4C26-A2DB-7AB3975F1C06}.Release|x86.ActiveCfg = Release|Any CPU
		{40242FE6-84DA-4C26-A2DB-7AB3975F1C06}.Release|x86.Build.0 = Release|Any CPU
		{C4509C81-F0F3-4B19-B9AE-B4511C9D1B6E}.Debug|Any CPU.ActiveCfg = Debug|Any CPU
		{C4509C81-F0F3-4B19-B9AE-B4511C9D1B6E}.Debug|Any CPU.Build.0 = Debug|Any CPU
		{C4509C81-F0F3-4B19-B9AE-B4511C9D1B6E}.Debug|x64.ActiveCfg = Debug|Any CPU
		{C4509C81-F0F3-4B19-B9AE-B4511C9D1B6E}.Debug|x64.Build.0 = Debug|Any CPU
		{C4509C81-F0F3-4B19-B9AE-B4511C9D1B6E}.Debug|x86.ActiveCfg = Debug|Any CPU
		{C4509C81-F0F3-4B19-B9AE-B4511C9D1B6E}.Debug|x86.Build.0 = Debug|Any CPU
		{C4509C81-F0F3-4B19-B9AE-B4511C9D1B6E}.Release|Any CPU.ActiveCfg = Release|Any CPU
		{C4509C81-F0F3-4B19-B9AE-B4511C9D1B6E}.Release|Any CPU.Build.0 = Release|Any CPU
		{C4509C81-F0F3-4B19-B9AE-B4511C9D1B6E}.Release|x64.ActiveCfg = Release|Any CPU
		{C4509C81-F0F3-4B19-B9AE-B4511C9D1B6E}.Release|x64.Build.0 = Release|Any CPU
		{C4509C81-F0F3-4B19-B9AE-B4511C9D1B6E}.Release|x86.ActiveCfg = Release|Any CPU
		{C4509C81-F0F3-4B19-B9AE-B4511C9D1B6E}.Release|x86.Build.0 = Release|Any CPU
		{7513D617-40AF-41A6-A9EE-1209D85203D9}.Debug|Any CPU.ActiveCfg = Debug|Any CPU
		{7513D617-40AF-41A6-A9EE-1209D85203D9}.Debug|Any CPU.Build.0 = Debug|Any CPU
		{7513D617-40AF-41A6-A9EE-1209D85203D9}.Debug|x64.ActiveCfg = Debug|Any CPU
		{7513D617-40AF-41A6-A9EE-1209D85203D9}.Debug|x64.Build.0 = Debug|Any CPU
		{7513D617-40AF-41A6-A9EE-1209D85203D9}.Debug|x86.ActiveCfg = Debug|Any CPU
		{7513D617-40AF-41A6-A9EE-1209D85203D9}.Debug|x86.Build.0 = Debug|Any CPU
		{7513D617-40AF-41A6-A9EE-1209D85203D9}.Release|Any CPU.ActiveCfg = Release|Any CPU
		{7513D617-40AF-41A6-A9EE-1209D85203D9}.Release|Any CPU.Build.0 = Release|Any CPU
		{7513D617-40AF-41A6-A9EE-1209D85203D9}.Release|x64.ActiveCfg = Release|Any CPU
		{7513D617-40AF-41A6-A9EE-1209D85203D9}.Release|x64.Build.0 = Release|Any CPU
		{7513D617-40AF-41A6-A9EE-1209D85203D9}.Release|x86.ActiveCfg = Release|Any CPU
		{7513D617-40AF-41A6-A9EE-1209D85203D9}.Release|x86.Build.0 = Release|Any CPU
		{5074465D-F319-444A-A90B-F30617838DDE}.Debug|Any CPU.ActiveCfg = Debug|Any CPU
		{5074465D-F319-444A-A90B-F30617838DDE}.Debug|Any CPU.Build.0 = Debug|Any CPU
		{5074465D-F319-444A-A90B-F30617838DDE}.Debug|x64.ActiveCfg = Debug|Any CPU
		{5074465D-F319-444A-A90B-F30617838DDE}.Debug|x64.Build.0 = Debug|Any CPU
		{5074465D-F319-444A-A90B-F30617838DDE}.Debug|x86.ActiveCfg = Debug|Any CPU
		{5074465D-F319-444A-A90B-F30617838DDE}.Debug|x86.Build.0 = Debug|Any CPU
		{5074465D-F319-444A-A90B-F30617838DDE}.Release|Any CPU.ActiveCfg = Release|Any CPU
		{5074465D-F319-444A-A90B-F30617838DDE}.Release|Any CPU.Build.0 = Release|Any CPU
		{5074465D-F319-444A-A90B-F30617838DDE}.Release|x64.ActiveCfg = Release|Any CPU
		{5074465D-F319-444A-A90B-F30617838DDE}.Release|x64.Build.0 = Release|Any CPU
		{5074465D-F319-444A-A90B-F30617838DDE}.Release|x86.ActiveCfg = Release|Any CPU
		{5074465D-F319-444A-A90B-F30617838DDE}.Release|x86.Build.0 = Release|Any CPU
		{5D550F76-C04A-453F-87BA-0AACFC6AA578}.Debug|Any CPU.ActiveCfg = Debug|Any CPU
		{5D550F76-C04A-453F-87BA-0AACFC6AA578}.Debug|Any CPU.Build.0 = Debug|Any CPU
		{5D550F76-C04A-453F-87BA-0AACFC6AA578}.Debug|x64.ActiveCfg = Debug|Any CPU
		{5D550F76-C04A-453F-87BA-0AACFC6AA578}.Debug|x64.Build.0 = Debug|Any CPU
		{5D550F76-C04A-453F-87BA-0AACFC6AA578}.Debug|x86.ActiveCfg = Debug|Any CPU
		{5D550F76-C04A-453F-87BA-0AACFC6AA578}.Debug|x86.Build.0 = Debug|Any CPU
		{5D550F76-C04A-453F-87BA-0AACFC6AA578}.Release|Any CPU.ActiveCfg = Release|Any CPU
		{5D550F76-C04A-453F-87BA-0AACFC6AA578}.Release|Any CPU.Build.0 = Release|Any CPU
		{5D550F76-C04A-453F-87BA-0AACFC6AA578}.Release|x64.ActiveCfg = Release|Any CPU
		{5D550F76-C04A-453F-87BA-0AACFC6AA578}.Release|x64.Build.0 = Release|Any CPU
		{5D550F76-C04A-453F-87BA-0AACFC6AA578}.Release|x86.ActiveCfg = Release|Any CPU
		{5D550F76-C04A-453F-87BA-0AACFC6AA578}.Release|x86.Build.0 = Release|Any CPU
		{61288994-C924-4906-B38B-BD72359AD675}.Debug|Any CPU.ActiveCfg = Debug|Any CPU
		{61288994-C924-4906-B38B-BD72359AD675}.Debug|Any CPU.Build.0 = Debug|Any CPU
		{61288994-C924-4906-B38B-BD72359AD675}.Debug|x64.ActiveCfg = Debug|Any CPU
		{61288994-C924-4906-B38B-BD72359AD675}.Debug|x64.Build.0 = Debug|Any CPU
		{61288994-C924-4906-B38B-BD72359AD675}.Debug|x86.ActiveCfg = Debug|Any CPU
		{61288994-C924-4906-B38B-BD72359AD675}.Debug|x86.Build.0 = Debug|Any CPU
		{61288994-C924-4906-B38B-BD72359AD675}.Release|Any CPU.ActiveCfg = Release|Any CPU
		{61288994-C924-4906-B38B-BD72359AD675}.Release|Any CPU.Build.0 = Release|Any CPU
		{61288994-C924-4906-B38B-BD72359AD675}.Release|x64.ActiveCfg = Release|Any CPU
		{61288994-C924-4906-B38B-BD72359AD675}.Release|x64.Build.0 = Release|Any CPU
		{61288994-C924-4906-B38B-BD72359AD675}.Release|x86.ActiveCfg = Release|Any CPU
		{61288994-C924-4906-B38B-BD72359AD675}.Release|x86.Build.0 = Release|Any CPU
		{2CB9444F-F9FD-4A0D-9A92-FCAD80D02A4A}.Debug|Any CPU.ActiveCfg = Debug|Any CPU
		{2CB9444F-F9FD-4A0D-9A92-FCAD80D02A4A}.Debug|Any CPU.Build.0 = Debug|Any CPU
		{2CB9444F-F9FD-4A0D-9A92-FCAD80D02A4A}.Debug|x64.ActiveCfg = Debug|Any CPU
		{2CB9444F-F9FD-4A0D-9A92-FCAD80D02A4A}.Debug|x64.Build.0 = Debug|Any CPU
		{2CB9444F-F9FD-4A0D-9A92-FCAD80D02A4A}.Debug|x86.ActiveCfg = Debug|Any CPU
		{2CB9444F-F9FD-4A0D-9A92-FCAD80D02A4A}.Debug|x86.Build.0 = Debug|Any CPU
		{2CB9444F-F9FD-4A0D-9A92-FCAD80D02A4A}.Release|Any CPU.ActiveCfg = Release|Any CPU
		{2CB9444F-F9FD-4A0D-9A92-FCAD80D02A4A}.Release|Any CPU.Build.0 = Release|Any CPU
		{2CB9444F-F9FD-4A0D-9A92-FCAD80D02A4A}.Release|x64.ActiveCfg = Release|Any CPU
		{2CB9444F-F9FD-4A0D-9A92-FCAD80D02A4A}.Release|x64.Build.0 = Release|Any CPU
		{2CB9444F-F9FD-4A0D-9A92-FCAD80D02A4A}.Release|x86.ActiveCfg = Release|Any CPU
		{2CB9444F-F9FD-4A0D-9A92-FCAD80D02A4A}.Release|x86.Build.0 = Release|Any CPU
		{D7BB9E7D-2A1D-44B8-9D56-4BC2CE680B3E}.Debug|Any CPU.ActiveCfg = Debug|Any CPU
		{D7BB9E7D-2A1D-44B8-9D56-4BC2CE680B3E}.Debug|Any CPU.Build.0 = Debug|Any CPU
		{D7BB9E7D-2A1D-44B8-9D56-4BC2CE680B3E}.Debug|x64.ActiveCfg = Debug|Any CPU
		{D7BB9E7D-2A1D-44B8-9D56-4BC2CE680B3E}.Debug|x64.Build.0 = Debug|Any CPU
		{D7BB9E7D-2A1D-44B8-9D56-4BC2CE680B3E}.Debug|x86.ActiveCfg = Debug|Any CPU
		{D7BB9E7D-2A1D-44B8-9D56-4BC2CE680B3E}.Debug|x86.Build.0 = Debug|Any CPU
		{D7BB9E7D-2A1D-44B8-9D56-4BC2CE680B3E}.Release|Any CPU.ActiveCfg = Release|Any CPU
		{D7BB9E7D-2A1D-44B8-9D56-4BC2CE680B3E}.Release|Any CPU.Build.0 = Release|Any CPU
		{D7BB9E7D-2A1D-44B8-9D56-4BC2CE680B3E}.Release|x64.ActiveCfg = Release|Any CPU
		{D7BB9E7D-2A1D-44B8-9D56-4BC2CE680B3E}.Release|x64.Build.0 = Release|Any CPU
		{D7BB9E7D-2A1D-44B8-9D56-4BC2CE680B3E}.Release|x86.ActiveCfg = Release|Any CPU
		{D7BB9E7D-2A1D-44B8-9D56-4BC2CE680B3E}.Release|x86.Build.0 = Release|Any CPU
		{9B7D48B9-4BBE-4A6D-8A50-7BC2E24E2D40}.Debug|Any CPU.ActiveCfg = Debug|Any CPU
		{9B7D48B9-4BBE-4A6D-8A50-7BC2E24E2D40}.Debug|Any CPU.Build.0 = Debug|Any CPU
		{9B7D48B9-4BBE-4A6D-8A50-7BC2E24E2D40}.Release|Any CPU.ActiveCfg = Release|Any CPU
		{9B7D48B9-4BBE-4A6D-8A50-7BC2E24E2D40}.Release|Any CPU.Build.0 = Release|Any CPU
	EndGlobalSection
	GlobalSection(SolutionProperties) = preSolution
		HideSolutionNode = FALSE
	EndGlobalSection
	GlobalSection(NestedProjects) = preSolution
		{50700464-463D-4188-8D7D-13F5D349227A} = {827E0CD3-B72D-47B6-A68D-7590B98EB39B}
		{F3E5F624-F5CB-4CA4-A5E4-CF3AB837963C} = {0AB3BF05-4346-4AA6-1389-037BE0695223}
		{40242FE6-84DA-4C26-A2DB-7AB3975F1C06} = {0AB3BF05-4346-4AA6-1389-037BE0695223}
		{C4509C81-F0F3-4B19-B9AE-B4511C9D1B6E} = {0AB3BF05-4346-4AA6-1389-037BE0695223}
		{7513D617-40AF-41A6-A9EE-1209D85203D9} = {78453166-59D3-F6E5-1AF7-6BAE5D72A388}
		{5074465D-F319-444A-A90B-F30617838DDE} = {78453166-59D3-F6E5-1AF7-6BAE5D72A388}
		{5D550F76-C04A-453F-87BA-0AACFC6AA578} = {5D20AA90-6969-D8BD-9DCD-8634F4692FDA}
		{61288994-C924-4906-B38B-BD72359AD675} = {5D20AA90-6969-D8BD-9DCD-8634F4692FDA}
		{2CB9444F-F9FD-4A0D-9A92-FCAD80D02A4A} = {5D20AA90-6969-D8BD-9DCD-8634F4692FDA}
		{D7BB9E7D-2A1D-44B8-9D56-4BC2CE680B3E} = {5D20AA90-6969-D8BD-9DCD-8634F4692FDA}
	EndGlobalSection
EndGlobal
